
Microsoft Visual Studio Solution File, Format Version 12.00
# Visual Studio Version 17
VisualStudioVersion = 17.2.32616.157
MinimumVisualStudioVersion = 10.0.40219.1
Project("{FAE04EC0-301F-11D3-BF4B-00C04F79EFBC}") = "ChatServer", "ChatServer\ChatServer.csproj", "{E34692E7-9C73-4A2B-9727-D2A90D9F6F53}"
EndProject
Global
	GlobalSection(SolutionConfigurationPlatforms) = preSolution
		Debug|Any CPU = Debug|Any CPU
		Release|Any CPU = Release|Any CPU
	EndGlobalSection
	GlobalSection(ProjectConfigurationPlatforms) = postSolution
		{E34692E7-9C73-4A2B-9727-D2A90D9F6F53}.Debug|Any CPU.ActiveCfg = Debug|Any CPU
		{E34692E7-9C73-4A2B-9727-D2A90D9F6F53}.Debug|Any CPU.Build.0 = Debug|Any CPU
		{E34692E7-9C73-4A2B-9727-D2A90D9F6F53}.Release|Any CPU.ActiveCfg = Release|Any CPU
		{E34692E7-9C73-4A2B-9727-D2A90D9F6F53}.Release|Any CPU.Build.0 = Release|Any CPU
	EndGlobalSection
	GlobalSection(SolutionProperties) = preSolution
		HideSolutionNode = FALSE
	EndGlobalSection
	GlobalSection(ExtensibilityGlobals) = postSolution
		SolutionGuid = {65A09E64-108A-4908-B918-2F07C54A4790}
	EndGlobalSection
EndGlobal
